
Microsoft Visual Studio Solution File, Format Version 12.00
# Visual Studio Version 16
VisualStudioVersion = 16.0.30717.126
MinimumVisualStudioVersion = 10.0.40219.1
Project("{FAE04EC0-301F-11D3-BF4B-00C04F79EFBC}") = "Go Rest API Automation", "Go Rest API Automation.csproj", "{FF2DD4F0-3008-4BBC-A16C-CAA3B589B9AB}"
EndProject
Global
	GlobalSection(SolutionConfigurationPlatforms) = preSolution
		Debug|Any CPU = Debug|Any CPU
		Release|Any CPU = Release|Any CPU
	EndGlobalSection
	GlobalSection(ProjectConfigurationPlatforms) = postSolution
		{FF2DD4F0-3008-4BBC-A16C-CAA3B589B9AB}.Debug|Any CPU.ActiveCfg = Debug|Any CPU
		{FF2DD4F0-3008-4BBC-A16C-CAA3B589B9AB}.Debug|Any CPU.Build.0 = Debug|Any CPU
		{FF2DD4F0-3008-4BBC-A16C-CAA3B589B9AB}.Release|Any CPU.ActiveCfg = Release|Any CPU
		{FF2DD4F0-3008-4BBC-A16C-CAA3B589B9AB}.Release|Any CPU.Build.0 = Release|Any CPU
	EndGlobalSection
	GlobalSection(SolutionProperties) = preSolution
		HideSolutionNode = FALSE
	EndGlobalSection
	GlobalSection(ExtensibilityGlobals) = postSolution
		SolutionGuid = {C96264FD-88EE-4634-9032-7FA9F73FB72A}
	EndGlobalSection
EndGlobal
